<?xml version="1.0" encoding="utf-8"?>
<Project ToolsVersion="4.0" xmlns="http://schemas.microsoft.com/developer/msbuild/2003">
  <ItemGroup>
    <ClCompile Include="main.cpp" />
    <ClCompile Include="game.cpp" />
  </ItemGroup>
  <ItemGroup>
    <ClInclude Include="game.h" />
  </ItemGroup>
  <ItemGroup>
    <CopyFileToFolders Include="character_femaleAdventurer_sheetHD.png" />
  </ItemGroup>
</Project>